
Microsoft Visual Studio Solution File, Format Version 12.00
# Visual Studio Version 17
VisualStudioVersion = 17.5.33516.290
MinimumVisualStudioVersion = 10.0.40219.1
Project("{FAE04EC0-301F-11D3-BF4B-00C04F79EFBC}") = "Calculator", "Calculator\Calculator.csproj", "{41223E7D-CCD1-4763-825A-5F0874FA8E2A}"
EndProject
Global
	GlobalSection(SolutionConfigurationPlatforms) = preSolution
		Debug|Any CPU = Debug|Any CPU
		Release|Any CPU = Release|Any CPU
	EndGlobalSection
	GlobalSection(ProjectConfigurationPlatforms) = postSolution
		{41223E7D-CCD1-4763-825A-5F0874FA8E2A}.Debug|Any CPU.ActiveCfg = Debug|Any CPU
		{41223E7D-CCD1-4763-825A-5F0874FA8E2A}.Debug|Any CPU.Build.0 = Debug|Any CPU
		{41223E7D-CCD1-4763-825A-5F0874FA8E2A}.Release|Any CPU.ActiveCfg = Release|Any CPU
		{41223E7D-CCD1-4763-825A-5F0874FA8E2A}.Release|Any CPU.Build.0 = Release|Any CPU
	EndGlobalSection
	GlobalSection(SolutionProperties) = preSolution
		HideSolutionNode = FALSE
	EndGlobalSection
	GlobalSection(ExtensibilityGlobals) = postSolution
		SolutionGuid = {C755D40C-3F3C-4C8C-A7F1-A01B922FFA7D}
	EndGlobalSection
EndGlobal
